// !$*UTF8*$!
{
	archiveVersion = 1;
	classes = {
	};
	objectVersion = 46;
	objects = {

/* Begin PBXBuildFile section */
		3FA02E001DF9DA050012ACA0 /* AppDelegate.swift in Sources */ = {isa = PBXBuildFile; fileRef = 3FA02DFF1DF9DA050012ACA0 /* AppDelegate.swift */; };
		3FA02E021DF9DA050012ACA0 /* ViewController.swift in Sources */ = {isa = PBXBuildFile; fileRef = 3FA02E011DF9DA050012ACA0 /* ViewController.swift */; };
		3FA02E051DF9DA050012ACA0 /* Main.storyboard in Resources */ = {isa = PBXBuildFile; fileRef = 3FA02E031DF9DA050012ACA0 /* Main.storyboard */; };
		3FA02E071DF9DA050012ACA0 /* Assets.xcassets in Resources */ = {isa = PBXBuildFile; fileRef = 3FA02E061DF9DA050012ACA0 /* Assets.xcassets */; };
		3FA02E0A1DF9DA050012ACA0 /* LaunchScreen.storyboard in Resources */ = {isa = PBXBuildFile; fileRef = 3FA02E081DF9DA050012ACA0 /* LaunchScreen.storyboard */; };
		3FA02E121DF9DA9C0012ACA0 /* Lv01.swift in Sources */ = {isa = PBXBuildFile; fileRef = 3FA02E111DF9DA9C0012ACA0 /* Lv01.swift */; };
		3FA02E141DFA4F380012ACA0 /* Level01SpyLabels.swift in Sources */ = {isa = PBXBuildFile; fileRef = 3FA02E131DFA4F370012ACA0 /* Level01SpyLabels.swift */; };
/* End PBXBuildFile section */

/* Begin PBXFileReference section */
		3FA02DFC1DF9DA050012ACA0 /* iSpy3.app */ = {isa = PBXFileReference; explicitFileType = wrapper.application; includeInIndex = 0; path = iSpy3.app; sourceTree = BUILT_PRODUCTS_DIR; };
		3FA02DFF1DF9DA050012ACA0 /* AppDelegate.swift */ = {isa = PBXFileReference; lastKnownFileType = sourcecode.swift; path = AppDelegate.swift; sourceTree = "<group>"; };
		3FA02E011DF9DA050012ACA0 /* ViewController.swift */ = {isa = PBXFileReference; lastKnownFileType = sourcecode.swift; path = ViewController.swift; sourceTree = "<group>"; };
		3FA02E041DF9DA050012ACA0 /* Base */ = {isa = PBXFileReference; lastKnownFileType = file.storyboard; name = Base; path = Base.lproj/Main.storyboard; sourceTree = "<group>"; };
		3FA02E061DF9DA050012ACA0 /* Assets.xcassets */ = {isa = PBXFileReference; lastKnownFileType = folder.assetcatalog; path = Assets.xcassets; sourceTree = "<group>"; };
		3FA02E091DF9DA050012ACA0 /* Base */ = {isa = PBXFileReference; lastKnownFileType = file.storyboard; name = Base; path = Base.lproj/LaunchScreen.storyboard; sourceTree = "<group>"; };
		3FA02E0B1DF9DA050012ACA0 /* Info.plist */ = {isa = PBXFileReference; lastKnownFileType = text.plist.xml; path = Info.plist; sourceTree = "<group>"; };
		3FA02E111DF9DA9C0012ACA0 /* Lv01.swift */ = {isa = PBXFileReference; fileEncoding = 4; lastKnownFileType = sourcecode.swift; path = Lv01.swift; sourceTree = "<group>"; };
		3FA02E131DFA4F370012ACA0 /* Level01SpyLabels.swift */ = {isa = PBXFileReference; fileEncoding = 4; lastKnownFileType = sourcecode.swift; path = Level01SpyLabels.swift; sourceTree = "<group>"; };
/* End PBXFileReference section */

/* Begin PBXFrameworksBuildPhase section */
		3FA02DF91DF9DA050012ACA0 /* Frameworks */ = {
			isa = PBXFrameworksBuildPhase;
			buildActionMask = 2147483647;
			files = (
			);
			runOnlyForDeploymentPostprocessing = 0;
		};
/* End PBXFrameworksBuildPhase section */

/* Begin PBXGroup section */
		3FA02DF31DF9DA050012ACA0 = {
			isa = PBXGroup;
			children = (
				3FA02DFE1DF9DA050012ACA0 /* iSpy3 */,
				3FA02DFD1DF9DA050012ACA0 /* Products */,
			);
			sourceTree = "<group>";
		};
		3FA02DFD1DF9DA050012ACA0 /* Products */ = {
			isa = PBXGroup;
			children = (
				3FA02DFC1DF9DA050012ACA0 /* iSpy3.app */,
			);
			name = Products;
			sourceTree = "<group>";
		};
		3FA02DFE1DF9DA050012ACA0 /* iSpy3 */ = {
			isa = PBXGroup;
			children = (
				3FA02DFF1DF9DA050012ACA0 /* AppDelegate.swift */,
				3FA02E011DF9DA050012ACA0 /* ViewController.swift */,
				3FA02E031DF9DA050012ACA0 /* Main.storyboard */,
				3FA02E111DF9DA9C0012ACA0 /* Lv01.swift */,
				3FA02E131DFA4F370012ACA0 /* Level01SpyLabels.swift */,
				3FA02E061DF9DA050012ACA0 /* Assets.xcassets */,
				3FA02E081DF9DA050012ACA0 /* LaunchScreen.storyboard */,
				3FA02E0B1DF9DA050012ACA0 /* Info.plist */,
			);
			path = iSpy3;
			sourceTree = "<group>";
		};
/* End PBXGroup section */

/* Begin PBXNativeTarget section */
		3FA02DFB1DF9DA050012ACA0 /* iSpy3 */ = {
			isa = PBXNativeTarget;
			buildConfigurationList = 3FA02E0E1DF9DA050012ACA0 /* Build configuration list for PBXNativeTarget "iSpy3" */;
			buildPhases = (
				3FA02DF81DF9DA050012ACA0 /* Sources */,
				3FA02DF91DF9DA050012ACA0 /* Frameworks */,
				3FA02DFA1DF9DA050012ACA0 /* Resources */,
			);
			buildRules = (
			);
			dependencies = (
			);
			name = iSpy3;
			productName = iSpy3;
			productReference = 3FA02DFC1DF9DA050012ACA0 /* iSpy3.app */;
			productType = "com.apple.product-type.application";
		};
/* End PBXNativeTarget section */

/* Begin PBXProject section */
		3FA02DF41DF9DA050012ACA0 /* Project object */ = {
			isa = PBXProject;
			attributes = {
				LastSwiftUpdateCheck = 0810;
				LastUpgradeCheck = 0810;
				ORGANIZATIONNAME = Tconti;
				TargetAttributes = {
					3FA02DFB1DF9DA050012ACA0 = {
						CreatedOnToolsVersion = 8.1;
						DevelopmentTeam = 8NKHZ77YG5;
						ProvisioningStyle = Automatic;
					};
				};
			};
			buildConfigurationList = 3FA02DF71DF9DA050012ACA0 /* Build configuration list for PBXProject "iSpy3" */;
			compatibilityVersion = "Xcode 3.2";
			developmentRegion = English;
			hasScannedForEncodings = 0;
			knownRegions = (
				en,
				Base,
			);
			mainGroup = 3FA02DF31DF9DA050012ACA0;
			productRefGroup = 3FA02DFD1DF9DA050012ACA0 /* Products */;
			projectDirPath = "";
			projectRoot = "";
			targets = (
				3FA02DFB1DF9DA050012ACA0 /* iSpy3 */,
			);
		};
/* End PBXProject section */

/* Begin PBXResourcesBuildPhase section */
		3FA02DFA1DF9DA050012ACA0 /* Resources */ = {
			isa = PBXResourcesBuildPhase;
			buildActionMask = 2147483647;
			files = (
				3FA02E0A1DF9DA050012ACA0 /* LaunchScreen.storyboard in Resources */,
				3FA02E071DF9DA050012ACA0 /* Assets.xcassets in Resources */,
				3FA02E051DF9DA050012ACA0 /* Main.storyboard in Resources */,
			);
			runOnlyForDeploymentPostprocessing = 0;
		};
/* End PBXResourcesBuildPhase section */

/* Begin PBXSourcesBuildPhase section */
		3FA02DF81DF9DA050012ACA0 /* Sources */ = {
			isa = PBXSourcesBuildPhase;
			buildActionMask = 2147483647;
			files = (
				3FA02E021DF9DA050012ACA0 /* ViewController.swift in Sources */,
				3FA02E141DFA4F380012ACA0 /* Level01SpyLabels.swift in Sources */,
				3FA02E121DF9DA9C0012ACA0 /* Lv01.swift in Sources */,
				3FA02E001DF9DA050012ACA0 /* AppDelegate.swift in Sources */,
			);
			runOnlyForDeploymentPostprocessing = 0;
		};
/* End PBXSourcesBuildPhase section */

/* Begin PBXVariantGroup section */
		3FA02E031DF9DA050012ACA0 /* Main.storyboard */ = {
			isa = PBXVariantGroup;
			children = (
				3FA02E041DF9DA050012ACA0 /* Base */,
			);
			name = Main.storyboard;
			sourceTree = "<group>";
		};
		3FA02E081DF9DA050012ACA0 /* LaunchScreen.storyboard */ = {
			isa = PBXVariantGroup;
			children = (
				3FA02E091DF9DA050012ACA0 /* Base */,
			);
			name = LaunchScreen.storyboard;
			sourceTree = "<group>";
		};
/* End PBXVariantGroup section */

/* Begin XCBuildConfiguration section */
		3FA02E0C1DF9DA050012ACA0 /* Debug */ = {
			isa = XCBuildConfiguration;
			buildSettings = {
				ALWAYS_SEARCH_USER_PATHS = NO;
				CLANG_ANALYZER_NONNULL = YES;
				CLANG_CXX_LANGUAGE_STANDARD = "gnu++0x";
				CLANG_CXX_LIBRARY = "libc++";
				CLANG_ENABLE_MODULES = YES;
				CLANG_ENABLE_OBJC_ARC = YES;
				CLANG_WARN_BOOL_CONVERSION = YES;
				CLANG_WARN_CONSTANT_CONVERSION = YES;
				CLANG_WARN_DIRECT_OBJC_ISA_USAGE = YES_ERROR;
				CLANG_WARN_DOCUMENTATION_COMMENTS = YES;
				CLANG_WARN_EMPTY_BODY = YES;
				CLANG_WARN_ENUM_CONVERSION = YES;
				CLANG_WARN_INFINITE_RECURSION = YES;
				CLANG_WARN_INT_CONVERSION = YES;
				CLANG_WARN_OBJC_ROOT_CLASS = YES_ERROR;
				CLANG_WARN_SUSPICIOUS_MOVES = YES;
				CLANG_WARN_UNREACHABLE_CODE = YES;
				CLANG_WARN__DUPLICATE_METHOD_MATCH = YES;
				"CODE_SIGN_IDENTITY[sdk=iphoneos*]" = "iPhone Developer";
				COPY_PHASE_STRIP = NO;
				DEBUG_INFORMATION_FORMAT = dwarf;
				ENABLE_STRICT_OBJC_MSGSEND = YES;
				ENABLE_TESTABILITY = YES;
				GCC_C_LANGUAGE_STANDARD = gnu99;
				GCC_DYNAMIC_NO_PIC = NO;
				GCC_NO_COMMON_BLOCKS = YES;
				GCC_OPTIMIZATION_LEVEL = 0;
				GCC_PREPROCESSOR_DEFINITIONS = (
					"DEBUG=1",
					"$(inherited)",
				);
				GCC_WARN_64_TO_32_BIT_CONVERSION = YES;
				GCC_WARN_ABOUT_RETURN_TYPE = YES_ERROR;
				GCC_WARN_UNDECLARED_SELECTOR = YES;
				GCC_WARN_UNINITIALIZED_AUTOS = YES_AGGRESSIVE;
				GCC_WARN_UNUSED_FUNCTION = YES;
				GCC_WARN_UNUSED_VARIABLE = YES;
				IPHONEOS_DEPLOYMENT_TARGET = 10.1;
				MTL_ENABLE_DEBUG_INFO = YES;
				ONLY_ACTIVE_ARCH = YES;
				SDKROOT = iphoneos;
				SWIFT_ACTIVE_COMPILATION_CONDITIONS = DEBUG;
				SWIFT_OPTIMIZATION_LEVEL = "-Onone";
				TARGETED_DEVICE_FAMILY = "1,2";
			};
			name = Debug;
		};
		3FA02E0D1DF9DA050012ACA0 /* Release */ = {
			isa = XCBuildConfiguration;
			buildSettings = {
				ALWAYS_SEARCH_USER_PATHS = NO;
				CLANG_ANALYZER_NONNULL = YES;
				CLANG_CXX_LANGUAGE_STANDARD = "gnu++0x";
				CLANG_CXX_LIBRARY = "libc++";
				CLANG_ENABLE_MODULES = YES;
				CLANG_ENABLE_OBJC_ARC = YES;
				CLANG_WARN_BOOL_CONVERSION = YES;
				CLANG_WARN_CONSTANT_CONVERSION = YES;
				CLANG_WARN_DIRECT_OBJC_ISA_USAGE = YES_ERROR;
				CLANG_WARN_DOCUMENTATION_COMMENTS = YES;
				CLANG_WARN_EMPTY_BODY = YES;
				CLANG_WARN_ENUM_CONVERSION = YES;
				CLANG_WARN_INFINITE_RECURSION = YES;
				CLANG_WARN_INT_CONVERSION = YES;
				CLANG_WARN_OBJC_ROOT_CLASS = YES_ERROR;
				CLANG_WARN_SUSPICIOUS_MOVES = YES;
				CLANG_WARN_UNREACHABLE_CODE = YES;
				CLANG_WARN__DUPLICATE_METHOD_MATCH = YES;
				"CODE_SIGN_IDENTITY[sdk=iphoneos*]" = "iPhone Developer";
				COPY_PHASE_STRIP = NO;
				DEBUG_INFORMATION_FORMAT = "dwarf-with-dsym";
				ENABLE_NS_ASSERTIONS = NO;
				ENABLE_STRICT_OBJC_MSGSEND = YES;
				GCC_C_LANGUAGE_STANDARD = gnu99;
				GCC_NO_COMMON_BLOCKS = YES;
				GCC_WARN_64_TO_32_BIT_CONVERSION = YES;
				GCC_WARN_ABOUT_RETURN_TYPE = YES_ERROR;
				GCC_WARN_UNDECLARED_SELECTOR = YES;
				GCC_WARN_UNINITIALIZED_AUTOS = YES_AGGRESSIVE;
				GCC_WARN_UNUSED_FUNCTION = YES;
				GCC_WARN_UNUSED_VARIABLE = YES;
				IPHONEOS_DEPLOYMENT_TARGET = 10.1;
				MTL_ENABLE_DEBUG_INFO = NO;
				SDKROOT = iphoneos;
				SWIFT_OPTIMIZATION_LEVEL = "-Owholemodule";
				TARGETED_DEVICE_FAMILY = "1,2";
				VALIDATE_PRODUCT = YES;
			};
			name = Release;
		};
		3FA02E0F1DF9DA050012ACA0 /* Debug */ = {
			isa = XCBuildConfiguration;
			buildSettings = {
				ASSETCATALOG_COMPILER_APPICON_NAME = AppIcon;
				DEVELOPMENT_TEAM = 8NKHZ77YG5;
				INFOPLIST_FILE = iSpy3/Info.plist;
				LD_RUNPATH_SEARCH_PATHS = "$(inherited) @executable_path/Frameworks";
				PRODUCT_BUNDLE_IDENTIFIER = TC.iSpy3;
				PRODUCT_NAME = "$(TARGET_NAME)";
				SWIFT_VERSION = 3.0;
			};
			name = Debug;
		};
		3FA02E101DF9DA050012ACA0 /* Release */ = {
			isa = XCBuildConfiguration;
			buildSettings = {
				ASSETCATALOG_COMPILER_APPICON_NAME = AppIcon;
				DEVELOPMENT_TEAM = 8NKHZ77YG5;
				INFOPLIST_FILE = iSpy3/Info.plist;
				LD_RUNPATH_SEARCH_PATHS = "$(inherited) @executable_path/Frameworks";
				PRODUCT_BUNDLE_IDENTIFIER = TC.iSpy3;
				PRODUCT_NAME = "$(TARGET_NAME)";
				SWIFT_VERSION = 3.0;
			};
			name = Release;
		};
/* End XCBuildConfiguration section */

/* Begin XCConfigurationList section */
		3FA02DF71DF9DA050012ACA0 /* Build configuration list for PBXProject "iSpy3" */ = {
			isa = XCConfigurationList;
			buildConfigurations = (
				3FA02E0C1DF9DA050012ACA0 /* Debug */,
				3FA02E0D1DF9DA050012ACA0 /* Release */,
			);
			defaultConfigurationIsVisible = 0;
			defaultConfigurationName = Release;
		};
		3FA02E0E1DF9DA050012ACA0 /* Build configuration list for PBXNativeTarget "iSpy3" */ = {
			isa = XCConfigurationList;
			buildConfigurations = (
				3FA02E0F1DF9DA050012ACA0 /* Debug */,
				3FA02E101DF9DA050012ACA0 /* Release */,
			);
			defaultConfigurationIsVisible = 0;
		};
/* End XCConfigurationList section */
	};
	rootObject = 3FA02DF41DF9DA050012ACA0 /* Project object */;
}
